
Microsoft Visual Studio Solution File, Format Version 12.00
# Visual Studio 2013
VisualStudioVersion = 12.0.30110.0
MinimumVisualStudioVersion = 10.0.40219.1
Project("{FAE04EC0-301F-11D3-BF4B-00C04F79EFBC}") = "Linq", "linq\Linq.csproj", "{C4EEADDE-1F10-4847-B680-6F4784E8F0DE}"
EndProject
Project("{FAE04EC0-301F-11D3-BF4B-00C04F79EFBC}") = "LinqToSql1", "LinqToSql1\LinqToSql1.csproj", "{F282E1D0-5914-474B-8540-466A26455A46}"
EndProject
Project("{FAE04EC0-301F-11D3-BF4B-00C04F79EFBC}") = "OrderEntryServices", "wcf\OrderEntryServices\OrderEntryServices.csproj", "{052EC989-9BC0-4B46-9ACF-55DEF50E7455}"
EndProject
Project("{2150E333-8FDC-42A3-9474-1A3956D46DE8}") = "WcfPractice", "WcfPractice", "{0BC2022E-E434-4E3A-BA1B-62000CD46D60}"
EndProject
Project("{FAE04EC0-301F-11D3-BF4B-00C04F79EFBC}") = "WpfClient", "wcf\WpfClient\WpfClient.csproj", "{975BEBF1-E32C-4090-ACEE-3D304A14A718}"
EndProject
Project("{FAE04EC0-301F-11D3-BF4B-00C04F79EFBC}") = "DataSet", "DataSet\DataSet.csproj", "{9D625C2D-5102-444B-9F3F-DE5DCB6701B7}"
EndProject
Project("{2150E333-8FDC-42A3-9474-1A3956D46DE8}") = "EF", "EF", "{B01D60E9-3503-436C-B525-631BD3C82F2D}"
EndProject
Project("{FAE04EC0-301F-11D3-BF4B-00C04F79EFBC}") = "AnimalEntities", "EntityFrameworkTest1\AnimalEntities.csproj", "{C471E077-1CBD-4713-AF01-70FAECB1D3DA}"
EndProject
Project("{FAE04EC0-301F-11D3-BF4B-00C04F79EFBC}") = "AnimalClient", "AnimalClient\AnimalClient.csproj", "{06DE27B4-2275-48A6-A813-10AB9E4B176B}"
EndProject
Project("{FAE04EC0-301F-11D3-BF4B-00C04F79EFBC}") = "ModelFirstEntities", "ModelFirstEntities\ModelFirstEntities.csproj", "{DF74FB7B-338F-41E1-9FEA-C9CE99A085DE}"
EndProject
Project("{FAE04EC0-301F-11D3-BF4B-00C04F79EFBC}") = "ModelFirstClient", "ModelFirstClient\ModelFirstClient.csproj", "{8CEBA67D-6748-436C-BDBE-97C6EFB4E37F}"
EndProject
Project("{FAE04EC0-301F-11D3-BF4B-00C04F79EFBC}") = "NorthwindPocoEntities", "NorthwindPocoEntities\NorthwindPocoEntities.csproj", "{5984B70B-BAF3-4050-96AF-778AF81982DB}"
EndProject
Project("{FAE04EC0-301F-11D3-BF4B-00C04F79EFBC}") = "NorthwindPocoClient", "NorthwindPocoClient\NorthwindPocoClient.csproj", "{5CCF3331-5966-4B7A-B2DB-073E7C6F36B1}"
EndProject
Project("{2150E333-8FDC-42A3-9474-1A3956D46DE8}") = "Security", "Security", "{EE0FF9D6-C3B2-417C-B395-24AEF5B48F9E}"
EndProject
Project("{FAE04EC0-301F-11D3-BF4B-00C04F79EFBC}") = "Crypto", "Crypto\Crypto.csproj", "{324EF17B-96AE-46E6-9397-B887BD83FB99}"
EndProject
Project("{FAE04EC0-301F-11D3-BF4B-00C04F79EFBC}") = "HierarchiesWithEF4", "HierarchiesWithEF4\HierarchiesWithEF4.csproj", "{C06E3B7A-258A-44C5-9781-E0FCF41E4BA6}"
EndProject
Global
	GlobalSection(SolutionConfigurationPlatforms) = preSolution
		Debug|Any CPU = Debug|Any CPU
		Release|Any CPU = Release|Any CPU
	EndGlobalSection
	GlobalSection(ProjectConfigurationPlatforms) = postSolution
		{C4EEADDE-1F10-4847-B680-6F4784E8F0DE}.Debug|Any CPU.ActiveCfg = Debug|Any CPU
		{C4EEADDE-1F10-4847-B680-6F4784E8F0DE}.Debug|Any CPU.Build.0 = Debug|Any CPU
		{C4EEADDE-1F10-4847-B680-6F4784E8F0DE}.Release|Any CPU.ActiveCfg = Release|Any CPU
		{C4EEADDE-1F10-4847-B680-6F4784E8F0DE}.Release|Any CPU.Build.0 = Release|Any CPU
		{F282E1D0-5914-474B-8540-466A26455A46}.Debug|Any CPU.ActiveCfg = Debug|Any CPU
		{F282E1D0-5914-474B-8540-466A26455A46}.Debug|Any CPU.Build.0 = Debug|Any CPU
		{F282E1D0-5914-474B-8540-466A26455A46}.Release|Any CPU.ActiveCfg = Release|Any CPU
		{F282E1D0-5914-474B-8540-466A26455A46}.Release|Any CPU.Build.0 = Release|Any CPU
		{052EC989-9BC0-4B46-9ACF-55DEF50E7455}.Debug|Any CPU.ActiveCfg = Debug|Any CPU
		{052EC989-9BC0-4B46-9ACF-55DEF50E7455}.Debug|Any CPU.Build.0 = Debug|Any CPU
		{052EC989-9BC0-4B46-9ACF-55DEF50E7455}.Release|Any CPU.ActiveCfg = Release|Any CPU
		{052EC989-9BC0-4B46-9ACF-55DEF50E7455}.Release|Any CPU.Build.0 = Release|Any CPU
		{975BEBF1-E32C-4090-ACEE-3D304A14A718}.Debug|Any CPU.ActiveCfg = Debug|Any CPU
		{975BEBF1-E32C-4090-ACEE-3D304A14A718}.Debug|Any CPU.Build.0 = Debug|Any CPU
		{975BEBF1-E32C-4090-ACEE-3D304A14A718}.Release|Any CPU.ActiveCfg = Release|Any CPU
		{975BEBF1-E32C-4090-ACEE-3D304A14A718}.Release|Any CPU.Build.0 = Release|Any CPU
		{9D625C2D-5102-444B-9F3F-DE5DCB6701B7}.Debug|Any CPU.ActiveCfg = Debug|Any CPU
		{9D625C2D-5102-444B-9F3F-DE5DCB6701B7}.Debug|Any CPU.Build.0 = Debug|Any CPU
		{9D625C2D-5102-444B-9F3F-DE5DCB6701B7}.Release|Any CPU.ActiveCfg = Release|Any CPU
		{9D625C2D-5102-444B-9F3F-DE5DCB6701B7}.Release|Any CPU.Build.0 = Release|Any CPU
		{C471E077-1CBD-4713-AF01-70FAECB1D3DA}.Debug|Any CPU.ActiveCfg = Debug|Any CPU
		{C471E077-1CBD-4713-AF01-70FAECB1D3DA}.Debug|Any CPU.Build.0 = Debug|Any CPU
		{C471E077-1CBD-4713-AF01-70FAECB1D3DA}.Release|Any CPU.ActiveCfg = Release|Any CPU
		{C471E077-1CBD-4713-AF01-70FAECB1D3DA}.Release|Any CPU.Build.0 = Release|Any CPU
		{06DE27B4-2275-48A6-A813-10AB9E4B176B}.Debug|Any CPU.ActiveCfg = Debug|Any CPU
		{06DE27B4-2275-48A6-A813-10AB9E4B176B}.Debug|Any CPU.Build.0 = Debug|Any CPU
		{06DE27B4-2275-48A6-A813-10AB9E4B176B}.Release|Any CPU.ActiveCfg = Release|Any CPU
		{06DE27B4-2275-48A6-A813-10AB9E4B176B}.Release|Any CPU.Build.0 = Release|Any CPU
		{DF74FB7B-338F-41E1-9FEA-C9CE99A085DE}.Debug|Any CPU.ActiveCfg = Debug|Any CPU
		{DF74FB7B-338F-41E1-9FEA-C9CE99A085DE}.Debug|Any CPU.Build.0 = Debug|Any CPU
		{DF74FB7B-338F-41E1-9FEA-C9CE99A085DE}.Release|Any CPU.ActiveCfg = Release|Any CPU
		{DF74FB7B-338F-41E1-9FEA-C9CE99A085DE}.Release|Any CPU.Build.0 = Release|Any CPU
		{8CEBA67D-6748-436C-BDBE-97C6EFB4E37F}.Debug|Any CPU.ActiveCfg = Debug|Any CPU
		{8CEBA67D-6748-436C-BDBE-97C6EFB4E37F}.Debug|Any CPU.Build.0 = Debug|Any CPU
		{8CEBA67D-6748-436C-BDBE-97C6EFB4E37F}.Release|Any CPU.ActiveCfg = Release|Any CPU
		{8CEBA67D-6748-436C-BDBE-97C6EFB4E37F}.Release|Any CPU.Build.0 = Release|Any CPU
		{5984B70B-BAF3-4050-96AF-778AF81982DB}.Debug|Any CPU.ActiveCfg = Debug|Any CPU
		{5984B70B-BAF3-4050-96AF-778AF81982DB}.Debug|Any CPU.Build.0 = Debug|Any CPU
		{5984B70B-BAF3-4050-96AF-778AF81982DB}.Release|Any CPU.ActiveCfg = Release|Any CPU
		{5984B70B-BAF3-4050-96AF-778AF81982DB}.Release|Any CPU.Build.0 = Release|Any CPU
		{5CCF3331-5966-4B7A-B2DB-073E7C6F36B1}.Debug|Any CPU.ActiveCfg = Debug|Any CPU
		{5CCF3331-5966-4B7A-B2DB-073E7C6F36B1}.Debug|Any CPU.Build.0 = Debug|Any CPU
		{5CCF3331-5966-4B7A-B2DB-073E7C6F36B1}.Release|Any CPU.ActiveCfg = Release|Any CPU
		{5CCF3331-5966-4B7A-B2DB-073E7C6F36B1}.Release|Any CPU.Build.0 = Release|Any CPU
		{324EF17B-96AE-46E6-9397-B887BD83FB99}.Debug|Any CPU.ActiveCfg = Debug|Any CPU
		{324EF17B-96AE-46E6-9397-B887BD83FB99}.Debug|Any CPU.Build.0 = Debug|Any CPU
		{324EF17B-96AE-46E6-9397-B887BD83FB99}.Release|Any CPU.ActiveCfg = Release|Any CPU
		{324EF17B-96AE-46E6-9397-B887BD83FB99}.Release|Any CPU.Build.0 = Release|Any CPU
		{C06E3B7A-258A-44C5-9781-E0FCF41E4BA6}.Debug|Any CPU.ActiveCfg = Debug|Any CPU
		{C06E3B7A-258A-44C5-9781-E0FCF41E4BA6}.Debug|Any CPU.Build.0 = Debug|Any CPU
		{C06E3B7A-258A-44C5-9781-E0FCF41E4BA6}.Release|Any CPU.ActiveCfg = Release|Any CPU
		{C06E3B7A-258A-44C5-9781-E0FCF41E4BA6}.Release|Any CPU.Build.0 = Release|Any CPU
	EndGlobalSection
	GlobalSection(SolutionProperties) = preSolution
		HideSolutionNode = FALSE
	EndGlobalSection
	GlobalSection(NestedProjects) = preSolution
		{052EC989-9BC0-4B46-9ACF-55DEF50E7455} = {0BC2022E-E434-4E3A-BA1B-62000CD46D60}
		{975BEBF1-E32C-4090-ACEE-3D304A14A718} = {0BC2022E-E434-4E3A-BA1B-62000CD46D60}
		{C471E077-1CBD-4713-AF01-70FAECB1D3DA} = {B01D60E9-3503-436C-B525-631BD3C82F2D}
		{06DE27B4-2275-48A6-A813-10AB9E4B176B} = {B01D60E9-3503-436C-B525-631BD3C82F2D}
		{DF74FB7B-338F-41E1-9FEA-C9CE99A085DE} = {B01D60E9-3503-436C-B525-631BD3C82F2D}
		{8CEBA67D-6748-436C-BDBE-97C6EFB4E37F} = {B01D60E9-3503-436C-B525-631BD3C82F2D}
		{5984B70B-BAF3-4050-96AF-778AF81982DB} = {B01D60E9-3503-436C-B525-631BD3C82F2D}
		{5CCF3331-5966-4B7A-B2DB-073E7C6F36B1} = {B01D60E9-3503-436C-B525-631BD3C82F2D}
		{C06E3B7A-258A-44C5-9781-E0FCF41E4BA6} = {B01D60E9-3503-436C-B525-631BD3C82F2D}
		{324EF17B-96AE-46E6-9397-B887BD83FB99} = {EE0FF9D6-C3B2-417C-B395-24AEF5B48F9E}
	EndGlobalSection
EndGlobal
